
Microsoft Visual Studio Solution File, Format Version 12.00
# Visual Studio Version 17
VisualStudioVersion = 17.7.34024.191
MinimumVisualStudioVersion = 10.0.40219.1
Project("{FAE04EC0-301F-11D3-BF4B-00C04F79EFBC}") = "ALevel HW10", "ALevel HW10.csproj", "{1853A3CD-F74B-43EA-9355-A091A67201CF}"
EndProject
Global
	GlobalSection(SolutionConfigurationPlatforms) = preSolution
		Debug|Any CPU = Debug|Any CPU
		Release|Any CPU = Release|Any CPU
	EndGlobalSection
	GlobalSection(ProjectConfigurationPlatforms) = postSolution
		{1853A3CD-F74B-43EA-9355-A091A67201CF}.Debug|Any CPU.ActiveCfg = Debug|Any CPU
		{1853A3CD-F74B-43EA-9355-A091A67201CF}.Debug|Any CPU.Build.0 = Debug|Any CPU
		{1853A3CD-F74B-43EA-9355-A091A67201CF}.Release|Any CPU.ActiveCfg = Release|Any CPU
		{1853A3CD-F74B-43EA-9355-A091A67201CF}.Release|Any CPU.Build.0 = Release|Any CPU
	EndGlobalSection
	GlobalSection(SolutionProperties) = preSolution
		HideSolutionNode = FALSE
	EndGlobalSection
	GlobalSection(ExtensibilityGlobals) = postSolution
		SolutionGuid = {60F9B3ED-29D1-4868-8C3E-8BA1F787F252}
	EndGlobalSection
EndGlobal
